
Microsoft Visual Studio Solution File, Format Version 12.00
# Visual Studio Version 17
VisualStudioVersion = 17.2.32630.192
MinimumVisualStudioVersion = 10.0.40219.1
Project("{FAE04EC0-301F-11D3-BF4B-00C04F79EFBC}") = "HttpClientSample", "HttpClientSample\HttpClientSample.csproj", "{C21B8817-88B6-41BE-ABC4-9A96D682891A}"
EndProject
Global
	GlobalSection(SolutionConfigurationPlatforms) = preSolution
		Debug|Any CPU = Debug|Any CPU
		Release|Any CPU = Release|Any CPU
	EndGlobalSection
	GlobalSection(ProjectConfigurationPlatforms) = postSolution
		{C21B8817-88B6-41BE-ABC4-9A96D682891A}.Debug|Any CPU.ActiveCfg = Debug|Any CPU
		{C21B8817-88B6-41BE-ABC4-9A96D682891A}.Debug|Any CPU.Build.0 = Debug|Any CPU
		{C21B8817-88B6-41BE-ABC4-9A96D682891A}.Release|Any CPU.ActiveCfg = Release|Any CPU
		{C21B8817-88B6-41BE-ABC4-9A96D682891A}.Release|Any CPU.Build.0 = Release|Any CPU
	EndGlobalSection
	GlobalSection(SolutionProperties) = preSolution
		HideSolutionNode = FALSE
	EndGlobalSection
	GlobalSection(ExtensibilityGlobals) = postSolution
		SolutionGuid = {385E2F53-53FC-4AA1-914B-D4352335E464}
	EndGlobalSection
EndGlobal
